
Microsoft Visual Studio Solution File, Format Version 12.00
# Visual Studio Version 16
VisualStudioVersion = 16.0.31702.278
MinimumVisualStudioVersion = 10.0.40219.1
Project("{9A19103F-16F7-4668-BE54-9A1E7A4F7556}") = "AccountsMicroservice", "AccountsMicroservice.csproj", "{BFC4B8ED-A45C-441F-B3AE-C8B43B78F56A}"
EndProject
Project("{9A19103F-16F7-4668-BE54-9A1E7A4F7556}") = "AccountMicroserviceTest", "..\AccountMicroserviceTest\AccountMicroserviceTest.csproj", "{C1E011E2-DD93-4E28-9600-4820769BA629}"
EndProject
Project("{9A19103F-16F7-4668-BE54-9A1E7A4F7556}") = "Authentication", "..\..\AuthenticationMicroservice\Authentication\Authentication.csproj", "{A4975DAA-559A-4DA6-B5E6-4261E1AD43C2}"
EndProject
Project("{9A19103F-16F7-4668-BE54-9A1E7A4F7556}") = "AuthenticateTest", "..\..\AuthenticationMicroservice\AuthenticateTest\AuthenticateTest.csproj", "{9A390749-C073-47BA-9377-FFA9AA800DBA}"
EndProject
Project("{9A19103F-16F7-4668-BE54-9A1E7A4F7556}") = "CustomerMicroService", "..\..\CustomerMicroservice\CustomerMicroService\CustomerMicroService.csproj", "{34ACB0DA-1597-442B-B85F-DE1E3D8D2924}"
EndProject
Project("{9A19103F-16F7-4668-BE54-9A1E7A4F7556}") = "CustomerMicroserviceTest", "..\..\CustomerMicroservice\CustomerMicroserviceTest\CustomerMicroserviceTest.csproj", "{F07F8FF9-7D65-4C70-87E3-A48C5D3F826A}"
EndProject
Project("{9A19103F-16F7-4668-BE54-9A1E7A4F7556}") = "RuleMicroservice", "..\..\RuleMicroservice\RuleMicroservice\RuleMicroservice.csproj", "{25DFB959-FC59-4422-998D-ACDA55872A82}"
EndProject
Project("{9A19103F-16F7-4668-BE54-9A1E7A4F7556}") = "RuleTest", "..\..\RuleMicroservice\RuleTest\RuleTest.csproj", "{C3152B4E-4854-4846-A20F-C2130755BE43}"
EndProject
Project("{9A19103F-16F7-4668-BE54-9A1E7A4F7556}") = "TransactionMicroservice", "..\..\TransactionMicroservice\TransactionMicroservice\TransactionMicroservice.csproj", "{B87F9198-C486-4B14-9BB8-6FB50AD393C5}"
EndProject
Project("{9A19103F-16F7-4668-BE54-9A1E7A4F7556}") = "TransactionTest", "..\..\TransactionMicroservice\TransactionTest\TransactionTest.csproj", "{63257AB9-C3FE-48DE-BB16-9396B1F9E721}"
EndProject
Global
	GlobalSection(SolutionConfigurationPlatforms) = preSolution
		Debug|Any CPU = Debug|Any CPU
		Release|Any CPU = Release|Any CPU
	EndGlobalSection
	GlobalSection(ProjectConfigurationPlatforms) = postSolution
		{BFC4B8ED-A45C-441F-B3AE-C8B43B78F56A}.Debug|Any CPU.ActiveCfg = Debug|Any CPU
		{BFC4B8ED-A45C-441F-B3AE-C8B43B78F56A}.Debug|Any CPU.Build.0 = Debug|Any CPU
		{BFC4B8ED-A45C-441F-B3AE-C8B43B78F56A}.Release|Any CPU.ActiveCfg = Release|Any CPU
		{BFC4B8ED-A45C-441F-B3AE-C8B43B78F56A}.Release|Any CPU.Build.0 = Release|Any CPU
		{C1E011E2-DD93-4E28-9600-4820769BA629}.Debug|Any CPU.ActiveCfg = Debug|Any CPU
		{C1E011E2-DD93-4E28-9600-4820769BA629}.Debug|Any CPU.Build.0 = Debug|Any CPU
		{C1E011E2-DD93-4E28-9600-4820769BA629}.Release|Any CPU.ActiveCfg = Release|Any CPU
		{C1E011E2-DD93-4E28-9600-4820769BA629}.Release|Any CPU.Build.0 = Release|Any CPU
		{A4975DAA-559A-4DA6-B5E6-4261E1AD43C2}.Debug|Any CPU.ActiveCfg = Debug|Any CPU
		{A4975DAA-559A-4DA6-B5E6-4261E1AD43C2}.Debug|Any CPU.Build.0 = Debug|Any CPU
		{A4975DAA-559A-4DA6-B5E6-4261E1AD43C2}.Release|Any CPU.ActiveCfg = Release|Any CPU
		{A4975DAA-559A-4DA6-B5E6-4261E1AD43C2}.Release|Any CPU.Build.0 = Release|Any CPU
		{9A390749-C073-47BA-9377-FFA9AA800DBA}.Debug|Any CPU.ActiveCfg = Debug|Any CPU
		{9A390749-C073-47BA-9377-FFA9AA800DBA}.Debug|Any CPU.Build.0 = Debug|Any CPU
		{9A390749-C073-47BA-9377-FFA9AA800DBA}.Release|Any CPU.ActiveCfg = Release|Any CPU
		{9A390749-C073-47BA-9377-FFA9AA800DBA}.Release|Any CPU.Build.0 = Release|Any CPU
		{34ACB0DA-1597-442B-B85F-DE1E3D8D2924}.Debug|Any CPU.ActiveCfg = Debug|Any CPU
		{34ACB0DA-1597-442B-B85F-DE1E3D8D2924}.Debug|Any CPU.Build.0 = Debug|Any CPU
		{34ACB0DA-1597-442B-B85F-DE1E3D8D2924}.Release|Any CPU.ActiveCfg = Release|Any CPU
		{34ACB0DA-1597-442B-B85F-DE1E3D8D2924}.Release|Any CPU.Build.0 = Release|Any CPU
		{F07F8FF9-7D65-4C70-87E3-A48C5D3F826A}.Debug|Any CPU.ActiveCfg = Debug|Any CPU
		{F07F8FF9-7D65-4C70-87E3-A48C5D3F826A}.Debug|Any CPU.Build.0 = Debug|Any CPU
		{F07F8FF9-7D65-4C70-87E3-A48C5D3F826A}.Release|Any CPU.ActiveCfg = Release|Any CPU
		{F07F8FF9-7D65-4C70-87E3-A48C5D3F826A}.Release|Any CPU.Build.0 = Release|Any CPU
		{25DFB959-FC59-4422-998D-ACDA55872A82}.Debug|Any CPU.ActiveCfg = Debug|Any CPU
		{25DFB959-FC59-4422-998D-ACDA55872A82}.Debug|Any CPU.Build.0 = Debug|Any CPU
		{25DFB959-FC59-4422-998D-ACDA55872A82}.Release|Any CPU.ActiveCfg = Release|Any CPU
		{25DFB959-FC59-4422-998D-ACDA55872A82}.Release|Any CPU.Build.0 = Release|Any CPU
		{C3152B4E-4854-4846-A20F-C2130755BE43}.Debug|Any CPU.ActiveCfg = Debug|Any CPU
		{C3152B4E-4854-4846-A20F-C2130755BE43}.Debug|Any CPU.Build.0 = Debug|Any CPU
		{C3152B4E-4854-4846-A20F-C2130755BE43}.Release|Any CPU.ActiveCfg = Release|Any CPU
		{C3152B4E-4854-4846-A20F-C2130755BE43}.Release|Any CPU.Build.0 = Release|Any CPU
		{B87F9198-C486-4B14-9BB8-6FB50AD393C5}.Debug|Any CPU.ActiveCfg = Debug|Any CPU
		{B87F9198-C486-4B14-9BB8-6FB50AD393C5}.Debug|Any CPU.Build.0 = Debug|Any CPU
		{B87F9198-C486-4B14-9BB8-6FB50AD393C5}.Release|Any CPU.ActiveCfg = Release|Any CPU
		{B87F9198-C486-4B14-9BB8-6FB50AD393C5}.Release|Any CPU.Build.0 = Release|Any CPU
		{63257AB9-C3FE-48DE-BB16-9396B1F9E721}.Debug|Any CPU.ActiveCfg = Debug|Any CPU
		{63257AB9-C3FE-48DE-BB16-9396B1F9E721}.Debug|Any CPU.Build.0 = Debug|Any CPU
		{63257AB9-C3FE-48DE-BB16-9396B1F9E721}.Release|Any CPU.ActiveCfg = Release|Any CPU
		{63257AB9-C3FE-48DE-BB16-9396B1F9E721}.Release|Any CPU.Build.0 = Release|Any CPU
	EndGlobalSection
	GlobalSection(SolutionProperties) = preSolution
		HideSolutionNode = FALSE
	EndGlobalSection
	GlobalSection(ExtensibilityGlobals) = postSolution
		SolutionGuid = {553C2CB0-14E0-4A4E-9DE5-0D3E60723A6C}
	EndGlobalSection
EndGlobal
