
Microsoft Visual Studio Solution File, Format Version 12.00
# Visual Studio Version 16
VisualStudioVersion = 16.0.31702.278
MinimumVisualStudioVersion = 10.0.40219.1
Project("{FAE04EC0-301F-11D3-BF4B-00C04F79EFBC}") = "TransactionMicroservice", "TransactionMicroservice.csproj", "{42DF0218-B349-4E45-A703-F20845606395}"
EndProject
Project("{FAE04EC0-301F-11D3-BF4B-00C04F79EFBC}") = "TransactionTest", "..\TransactionTest\TransactionTest.csproj", "{0ECE4419-5D12-46B6-A573-F93C14888377}"
EndProject
Global
	GlobalSection(SolutionConfigurationPlatforms) = preSolution
		Debug|Any CPU = Debug|Any CPU
		Release|Any CPU = Release|Any CPU
	EndGlobalSection
	GlobalSection(ProjectConfigurationPlatforms) = postSolution
		{42DF0218-B349-4E45-A703-F20845606395}.Debug|Any CPU.ActiveCfg = Debug|Any CPU
		{42DF0218-B349-4E45-A703-F20845606395}.Debug|Any CPU.Build.0 = Debug|Any CPU
		{42DF0218-B349-4E45-A703-F20845606395}.Release|Any CPU.ActiveCfg = Release|Any CPU
		{42DF0218-B349-4E45-A703-F20845606395}.Release|Any CPU.Build.0 = Release|Any CPU
		{0ECE4419-5D12-46B6-A573-F93C14888377}.Debug|Any CPU.ActiveCfg = Debug|Any CPU
		{0ECE4419-5D12-46B6-A573-F93C14888377}.Debug|Any CPU.Build.0 = Debug|Any CPU
		{0ECE4419-5D12-46B6-A573-F93C14888377}.Release|Any CPU.ActiveCfg = Release|Any CPU
		{0ECE4419-5D12-46B6-A573-F93C14888377}.Release|Any CPU.Build.0 = Release|Any CPU
	EndGlobalSection
	GlobalSection(SolutionProperties) = preSolution
		HideSolutionNode = FALSE
	EndGlobalSection
	GlobalSection(ExtensibilityGlobals) = postSolution
		SolutionGuid = {DFEBFAF8-9672-4ABD-B402-2808EA6A32C5}
	EndGlobalSection
EndGlobal
